
Microsoft Visual Studio Solution File, Format Version 12.00
# Visual Studio Version 16
VisualStudioVersion = 16.0.33801.447
MinimumVisualStudioVersion = 10.0.40219.1
Project("{FAE04EC0-301F-11D3-BF4B-00C04F79EFBC}") = "MvcCv", "MvcCv\MvcCv.csproj", "{6C4DC31E-1D56-4762-AB5B-EC62D5689961}"
EndProject
Global
	GlobalSection(SolutionConfigurationPlatforms) = preSolution
		Debug|Any CPU = Debug|Any CPU
		Release|Any CPU = Release|Any CPU
	EndGlobalSection
	GlobalSection(ProjectConfigurationPlatforms) = postSolution
		{6C4DC31E-1D56-4762-AB5B-EC62D5689961}.Debug|Any CPU.ActiveCfg = Debug|Any CPU
		{6C4DC31E-1D56-4762-AB5B-EC62D5689961}.Debug|Any CPU.Build.0 = Debug|Any CPU
		{6C4DC31E-1D56-4762-AB5B-EC62D5689961}.Release|Any CPU.ActiveCfg = Release|Any CPU
		{6C4DC31E-1D56-4762-AB5B-EC62D5689961}.Release|Any CPU.Build.0 = Release|Any CPU
	EndGlobalSection
	GlobalSection(SolutionProperties) = preSolution
		HideSolutionNode = FALSE
	EndGlobalSection
	GlobalSection(ExtensibilityGlobals) = postSolution
		SolutionGuid = {7B46EF6B-17B3-4AFF-9F09-B3D8733F8516}
	EndGlobalSection
EndGlobal
